
Microsoft Visual Studio Solution File, Format Version 12.00
# Visual Studio 15
VisualStudioVersion = 15.0.28307.1145
MinimumVisualStudioVersion = 10.0.40219.1
Project("{FAE04EC0-301F-11D3-BF4B-00C04F79EFBC}") = "Contact", "Contact\Contact.csproj", "{227F6BE7-51A9-4F42-9A59-9E4C6E42D9AD}"
EndProject
Global
	GlobalSection(SolutionConfigurationPlatforms) = preSolution
		Debug|Any CPU = Debug|Any CPU
		Release|Any CPU = Release|Any CPU
	EndGlobalSection
	GlobalSection(ProjectConfigurationPlatforms) = postSolution
		{227F6BE7-51A9-4F42-9A59-9E4C6E42D9AD}.Debug|Any CPU.ActiveCfg = Debug|Any CPU
		{227F6BE7-51A9-4F42-9A59-9E4C6E42D9AD}.Debug|Any CPU.Build.0 = Debug|Any CPU
		{227F6BE7-51A9-4F42-9A59-9E4C6E42D9AD}.Release|Any CPU.ActiveCfg = Release|Any CPU
		{227F6BE7-51A9-4F42-9A59-9E4C6E42D9AD}.Release|Any CPU.Build.0 = Release|Any CPU
	EndGlobalSection
	GlobalSection(SolutionProperties) = preSolution
		HideSolutionNode = FALSE
	EndGlobalSection
	GlobalSection(ExtensibilityGlobals) = postSolution
		SolutionGuid = {34C601A3-44FE-4F35-BCF3-1D94A657D861}
	EndGlobalSection
EndGlobal
